{
	"name": "nodejs-pcf-examples",
	"version": "0.0.1",
	"lockfileVersion": 1,
	"dependencies": {
		"solclientjs": {
			"version": "file:..\\..\\..\\..\\..\\temp\\npm-solclientjs-10.1.0.tar.gz",
			"integrity": "sha1-K27/NA/BU6Fv8qadSA25JnMvrDA=",
			"dependencies": {
				"clone": {
					"version": "2.1.1",
					"bundled": true
				},
				"core-js": {
					"version": "2.5.1",
					"bundled": true
				},
				"long": {
					"version": "3.2.0",
					"bundled": true
				},
				"options": {
					"version": "0.0.6",
					"bundled": true
				},
				"ultron": {
					"version": "1.0.2",
					"bundled": true
				},
				"ws": {
					"version": "1.1.1-Solace",
					"bundled": true
				}
			}
		}
	}
}
